
Microsoft Visual Studio Solution File, Format Version 12.00
# Visual Studio 2013
VisualStudioVersion = 12.0.21005.1
MinimumVisualStudioVersion = 10.0.40219.1
Project("{8BC9CEB8-8B4A-11D0-8D11-00A0C91BC942}") = "Streamer", "Streamer\Streamer.vcxproj", "{D6730A88-BB3F-44B2-A46E-5FAF86F14BD7}"
	ProjectSection(ProjectDependencies) = postProject
		{4BEE510D-055A-499C-9CAB-ADDD91DC3526} = {4BEE510D-055A-499C-9CAB-ADDD91DC3526}
	EndProjectSection
EndProject
Project("{8BC9CEB8-8B4A-11D0-8D11-00A0C91BC942}") = "ProcessorUnitTest", "StreamerUnitTest\StreamerUnitTest.vcxproj", "{A78780E5-CFFB-4D4F-83D4-77AB48EFE086}"
	ProjectSection(ProjectDependencies) = postProject
		{4BEE510D-055A-499C-9CAB-ADDD91DC3526} = {4BEE510D-055A-499C-9CAB-ADDD91DC3526}
	EndProjectSection
EndProject
Project("{8BC9CEB8-8B4A-11D0-8D11-00A0C91BC942}") = "Processor", "Processor\Processor.vcxproj", "{4BEE510D-055A-499C-9CAB-ADDD91DC3526}"
EndProject
Global
	GlobalSection(SolutionConfigurationPlatforms) = preSolution
		Debug|Win32 = Debug|Win32
		Release|Win32 = Release|Win32
	EndGlobalSection
	GlobalSection(ProjectConfigurationPlatforms) = postSolution
		{D6730A88-BB3F-44B2-A46E-5FAF86F14BD7}.Debug|Win32.ActiveCfg = Debug|Win32
		{D6730A88-BB3F-44B2-A46E-5FAF86F14BD7}.Debug|Win32.Build.0 = Debug|Win32
		{D6730A88-BB3F-44B2-A46E-5FAF86F14BD7}.Release|Win32.ActiveCfg = Release|Win32
		{D6730A88-BB3F-44B2-A46E-5FAF86F14BD7}.Release|Win32.Build.0 = Release|Win32
		{A78780E5-CFFB-4D4F-83D4-77AB48EFE086}.Debug|Win32.ActiveCfg = Debug|Win32
		{A78780E5-CFFB-4D4F-83D4-77AB48EFE086}.Debug|Win32.Build.0 = Debug|Win32
		{A78780E5-CFFB-4D4F-83D4-77AB48EFE086}.Release|Win32.ActiveCfg = Release|Win32
		{A78780E5-CFFB-4D4F-83D4-77AB48EFE086}.Release|Win32.Build.0 = Release|Win32
		{4BEE510D-055A-499C-9CAB-ADDD91DC3526}.Debug|Win32.ActiveCfg = Debug|Win32
		{4BEE510D-055A-499C-9CAB-ADDD91DC3526}.Debug|Win32.Build.0 = Debug|Win32
		{4BEE510D-055A-499C-9CAB-ADDD91DC3526}.Release|Win32.ActiveCfg = Release|Win32
		{4BEE510D-055A-499C-9CAB-ADDD91DC3526}.Release|Win32.Build.0 = Release|Win32
	EndGlobalSection
	GlobalSection(SolutionProperties) = preSolution
		HideSolutionNode = FALSE
	EndGlobalSection
EndGlobal
